# THIS IS AN AUTOGENERATED FILE. DO NOT EDIT THIS FILE DIRECTLY.
# yarn lockfile v1


cejs@latest:
  version "4.1.1"
  resolved "https://registry.yarnpkg.com/cejs/-/cejs-4.1.1.tgz#c3d473cc323cb4d8ca713848a8b0c1fb8e415b39"
  integrity sha512-knpiBF8xdoCQzh/nIS4YKJfMLbYFkZ8nY8Rt3ED44WXq9SQ2x3bEIHEDDWS+owCvkt5TGTzFAF+gzMPEQn3IMw==

dotenv@^8.2.0:
  version "8.2.0"
  resolved "https://registry.yarnpkg.com/dotenv/-/dotenv-8.2.0.tgz#97e619259ada750eea3e4ea3e26bceea5424b16a"
  integrity sha512-8sJ78ElpbDJBHNeBzUbUVLsqKdccaa/BXF1uPTw3GrvQTBgrQrtObr2mUrE38vzYd8cEv+m/JBfDLioYcfXoaw==

node-fetch@^2.6.1:
  version "2.6.1"
  resolved "https://registry.yarnpkg.com/node-fetch/-/node-fetch-2.6.1.tgz#045bd323631f76ed2e2b55573394416b639a0052"
  integrity sha512-V4aYg89jEoVRxRb2fJdAg8FHvI7cEyYdVAh94HH0UIK8oJxUfkjlDQN9RbMx+bEjP7+ggMiFRprSti032Oipxw==

wikiapi@^1.14.0:
  version "1.14.0"
  resolved "https://registry.yarnpkg.com/wikiapi/-/wikiapi-1.14.0.tgz#e690652f979b585639208a4a9928ad4fc438edf8"
  integrity sha512-VPEPKGbXp1xGSOqTVFrfPAs9yv6jkmCKFG79hOYNct3SmF3WaLXK9ipp1mrNK+iwB6tHl0TouSlZVB9Qr3uZ/g==
  dependencies:
    cejs latest
